
Microsoft Visual Studio Solution File, Format Version 12.00
# Visual Studio Version 17
VisualStudioVersion = 17.13.35818.85 d17.13
MinimumVisualStudioVersion = 10.0.40219.1
Project("{FAE04EC0-301F-11D3-BF4B-00C04F79EFBC}") = "BoundingFlight", "BoundingFlight.csproj", "{B907B014-F6FA-43BD-A3CD-DEDB755C8BE6}"
EndProject
Global
	GlobalSection(SolutionConfigurationPlatforms) = preSolution
		Debug|Any CPU = Debug|Any CPU
		Release|Any CPU = Release|Any CPU
	EndGlobalSection
	GlobalSection(ProjectConfigurationPlatforms) = postSolution
		{B907B014-F6FA-43BD-A3CD-DEDB755C8BE6}.Debug|Any CPU.ActiveCfg = Debug|Any CPU
		{B907B014-F6FA-43BD-A3CD-DEDB755C8BE6}.Debug|Any CPU.Build.0 = Debug|Any CPU
		{B907B014-F6FA-43BD-A3CD-DEDB755C8BE6}.Release|Any CPU.ActiveCfg = Release|Any CPU
		{B907B014-F6FA-43BD-A3CD-DEDB755C8BE6}.Release|Any CPU.Build.0 = Release|Any CPU
	EndGlobalSection
	GlobalSection(SolutionProperties) = preSolution
		HideSolutionNode = FALSE
	EndGlobalSection
	GlobalSection(ExtensibilityGlobals) = postSolution
		SolutionGuid = {9543DD15-270A-41DF-9DBA-D80E16C41909}
	EndGlobalSection
EndGlobal
